// !$*UTF8*$!
{
	archiveVersion = 1;
	classes = {
	};
	objectVersion = 46;
	objects = {

/* Begin PBXBuildFile section */
		CC47326B1EB1A2E5004DE11B /* UIImage+UIImage_JHKRZ.m in Sources */ = {isa = PBXBuildFile; fileRef = CC47326A1EB1A2E5004DE11B /* UIImage+UIImage_JHKRZ.m */; };
		CC8FCCC81EB04561001B507D /* main.m in Sources */ = {isa = PBXBuildFile; fileRef = CC8FCCC71EB04561001B507D /* main.m */; };
		CC8FCCCB1EB04561001B507D /* AppDelegate.m in Sources */ = {isa = PBXBuildFile; fileRef = CC8FCCCA1EB04561001B507D /* AppDelegate.m */; };
		CC8FCCD31EB04561001B507D /* Assets.xcassets in Resources */ = {isa = PBXBuildFile; fileRef = CC8FCCD21EB04561001B507D /* Assets.xcassets */; };
		CC8FCCE11EB04561001B507D /* Bio_Auth_SolutionTests.m in Sources */ = {isa = PBXBuildFile; fileRef = CC8FCCE01EB04561001B507D /* Bio_Auth_SolutionTests.m */; };
		CC8FCCEC1EB04561001B507D /* Bio_Auth_SolutionUITests.m in Sources */ = {isa = PBXBuildFile; fileRef = CC8FCCEB1EB04561001B507D /* Bio_Auth_SolutionUITests.m */; };
		CC8FCCFB1EB04662001B507D /* JHKRZSignOnUIViewController.m in Sources */ = {isa = PBXBuildFile; fileRef = CC8FCCFA1EB04662001B507D /* JHKRZSignOnUIViewController.m */; };
/* End PBXBuildFile section */

/* Begin PBXContainerItemProxy section */
		CC8FCCDD1EB04561001B507D /* PBXContainerItemProxy */ = {
			isa = PBXContainerItemProxy;
			containerPortal = CC8FCCBB1EB04561001B507D /* Project object */;
			proxyType = 1;
			remoteGlobalIDString = CC8FCCC21EB04561001B507D;
			remoteInfo = "Bio Auth Solution";
		};
		CC8FCCE81EB04561001B507D /* PBXContainerItemProxy */ = {
			isa = PBXContainerItemProxy;
			containerPortal = CC8FCCBB1EB04561001B507D /* Project object */;
			proxyType = 1;
			remoteGlobalIDString = CC8FCCC21EB04561001B507D;
			remoteInfo = "Bio Auth Solution";
		};
/* End PBXContainerItemProxy section */

/* Begin PBXFileReference section */
		CC4732691EB1A2E5004DE11B /* UIImage+UIImage_JHKRZ.h */ = {isa = PBXFileReference; fileEncoding = 4; lastKnownFileType = sourcecode.c.h; name = "UIImage+UIImage_JHKRZ.h"; path = "Source/UIImage+UIImage_JHKRZ.h"; sourceTree = "<group>"; };
		CC47326A1EB1A2E5004DE11B /* UIImage+UIImage_JHKRZ.m */ = {isa = PBXFileReference; fileEncoding = 4; lastKnownFileType = sourcecode.c.objc; name = "UIImage+UIImage_JHKRZ.m"; path = "Source/UIImage+UIImage_JHKRZ.m"; sourceTree = "<group>"; };
		CC8FCCC31EB04561001B507D /* Bio Auth Solution.app */ = {isa = PBXFileReference; explicitFileType = wrapper.application; includeInIndex = 0; path = "Bio Auth Solution.app"; sourceTree = BUILT_PRODUCTS_DIR; };
		CC8FCCC71EB04561001B507D /* main.m */ = {isa = PBXFileReference; lastKnownFileType = sourcecode.c.objc; path = main.m; sourceTree = "<group>"; };
		CC8FCCC91EB04561001B507D /* AppDelegate.h */ = {isa = PBXFileReference; lastKnownFileType = sourcecode.c.h; path = AppDelegate.h; sourceTree = "<group>"; };
		CC8FCCCA1EB04561001B507D /* AppDelegate.m */ = {isa = PBXFileReference; lastKnownFileType = sourcecode.c.objc; path = AppDelegate.m; sourceTree = "<group>"; };
		CC8FCCD21EB04561001B507D /* Assets.xcassets */ = {isa = PBXFileReference; lastKnownFileType = folder.assetcatalog; path = Assets.xcassets; sourceTree = "<group>"; };
		CC8FCCD71EB04561001B507D /* Info.plist */ = {isa = PBXFileReference; lastKnownFileType = text.plist.xml; path = Info.plist; sourceTree = "<group>"; };
		CC8FCCDC1EB04561001B507D /* Bio Auth SolutionTests.xctest */ = {isa = PBXFileReference; explicitFileType = wrapper.cfbundle; includeInIndex = 0; path = "Bio Auth SolutionTests.xctest"; sourceTree = BUILT_PRODUCTS_DIR; };
		CC8FCCE01EB04561001B507D /* Bio_Auth_SolutionTests.m */ = {isa = PBXFileReference; lastKnownFileType = sourcecode.c.objc; path = Bio_Auth_SolutionTests.m; sourceTree = "<group>"; };
		CC8FCCE21EB04561001B507D /* Info.plist */ = {isa = PBXFileReference; lastKnownFileType = text.plist.xml; path = Info.plist; sourceTree = "<group>"; };
		CC8FCCE71EB04561001B507D /* Bio Auth SolutionUITests.xctest */ = {isa = PBXFileReference; explicitFileType = wrapper.cfbundle; includeInIndex = 0; path = "Bio Auth SolutionUITests.xctest"; sourceTree = BUILT_PRODUCTS_DIR; };
		CC8FCCEB1EB04561001B507D /* Bio_Auth_SolutionUITests.m */ = {isa = PBXFileReference; lastKnownFileType = sourcecode.c.objc; path = Bio_Auth_SolutionUITests.m; sourceTree = "<group>"; };
		CC8FCCED1EB04561001B507D /* Info.plist */ = {isa = PBXFileReference; lastKnownFileType = text.plist.xml; path = Info.plist; sourceTree = "<group>"; };
		CC8FCCF91EB04662001B507D /* JHKRZSignOnUIViewController.h */ = {isa = PBXFileReference; fileEncoding = 4; lastKnownFileType = sourcecode.c.h; name = JHKRZSignOnUIViewController.h; path = Source/JHKRZSignOnUIViewController.h; sourceTree = "<group>"; };
		CC8FCCFA1EB04662001B507D /* JHKRZSignOnUIViewController.m */ = {isa = PBXFileReference; fileEncoding = 4; lastKnownFileType = sourcecode.c.objc; name = JHKRZSignOnUIViewController.m; path = Source/JHKRZSignOnUIViewController.m; sourceTree = "<group>"; };
/* End PBXFileReference section */

/* Begin PBXFrameworksBuildPhase section */
		CC8FCCC01EB04561001B507D /* Frameworks */ = {
			isa = PBXFrameworksBuildPhase;
			buildActionMask = 2147483647;
			files = (
			);
			runOnlyForDeploymentPostprocessing = 0;
		};
		CC8FCCD91EB04561001B507D /* Frameworks */ = {
			isa = PBXFrameworksBuildPhase;
			buildActionMask = 2147483647;
			files = (
			);
			runOnlyForDeploymentPostprocessing = 0;
		};
		CC8FCCE41EB04561001B507D /* Frameworks */ = {
			isa = PBXFrameworksBuildPhase;
			buildActionMask = 2147483647;
			files = (
			);
			runOnlyForDeploymentPostprocessing = 0;
		};
/* End PBXFrameworksBuildPhase section */

/* Begin PBXGroup section */
		CC4732651EB18DB5004DE11B /* Classes */ = {
			isa = PBXGroup;
			children = (
				CC4732691EB1A2E5004DE11B /* UIImage+UIImage_JHKRZ.h */,
				CC47326A1EB1A2E5004DE11B /* UIImage+UIImage_JHKRZ.m */,
			);
			name = Classes;
			sourceTree = "<group>";
		};
		CC8FCCBA1EB04561001B507D = {
			isa = PBXGroup;
			children = (
				CC8FCCC51EB04561001B507D /* Bio Auth Solution */,
				CC8FCCDF1EB04561001B507D /* Bio Auth SolutionTests */,
				CC8FCCEA1EB04561001B507D /* Bio Auth SolutionUITests */,
				CC8FCCC41EB04561001B507D /* Products */,
			);
			sourceTree = "<group>";
		};
		CC8FCCC41EB04561001B507D /* Products */ = {
			isa = PBXGroup;
			children = (
				CC8FCCC31EB04561001B507D /* Bio Auth Solution.app */,
				CC8FCCDC1EB04561001B507D /* Bio Auth SolutionTests.xctest */,
				CC8FCCE71EB04561001B507D /* Bio Auth SolutionUITests.xctest */,
			);
			name = Products;
			sourceTree = "<group>";
		};
		CC8FCCC51EB04561001B507D /* Bio Auth Solution */ = {
			isa = PBXGroup;
			children = (
				CC4732651EB18DB5004DE11B /* Classes */,
				CC8FCCC91EB04561001B507D /* AppDelegate.h */,
				CC8FCCCA1EB04561001B507D /* AppDelegate.m */,
				CC8FCCD21EB04561001B507D /* Assets.xcassets */,
				CC8FCCD71EB04561001B507D /* Info.plist */,
				CC8FCCC61EB04561001B507D /* Supporting Files */,
				CC8FCCF91EB04662001B507D /* JHKRZSignOnUIViewController.h */,
				CC8FCCFA1EB04662001B507D /* JHKRZSignOnUIViewController.m */,
			);
			path = "Bio Auth Solution";
			sourceTree = "<group>";
		};
		CC8FCCC61EB04561001B507D /* Supporting Files */ = {
			isa = PBXGroup;
			children = (
				CC8FCCC71EB04561001B507D /* main.m */,
			);
			name = "Supporting Files";
			sourceTree = "<group>";
		};
		CC8FCCDF1EB04561001B507D /* Bio Auth SolutionTests */ = {
			isa = PBXGroup;
			children = (
				CC8FCCE01EB04561001B507D /* Bio_Auth_SolutionTests.m */,
				CC8FCCE21EB04561001B507D /* Info.plist */,
			);
			path = "Bio Auth SolutionTests";
			sourceTree = "<group>";
		};
		CC8FCCEA1EB04561001B507D /* Bio Auth SolutionUITests */ = {
			isa = PBXGroup;
			children = (
				CC8FCCEB1EB04561001B507D /* Bio_Auth_SolutionUITests.m */,
				CC8FCCED1EB04561001B507D /* Info.plist */,
			);
			path = "Bio Auth SolutionUITests";
			sourceTree = "<group>";
		};
/* End PBXGroup section */

/* Begin PBXNativeTarget section */
		CC8FCCC21EB04561001B507D /* Bio Auth Solution */ = {
			isa = PBXNativeTarget;
			buildConfigurationList = CC8FCCF01EB04561001B507D /* Build configuration list for PBXNativeTarget "Bio Auth Solution" */;
			buildPhases = (
				CC8FCCBF1EB04561001B507D /* Sources */,
				CC8FCCC01EB04561001B507D /* Frameworks */,
				CC8FCCC11EB04561001B507D /* Resources */,
			);
			buildRules = (
			);
			dependencies = (
			);
			name = "Bio Auth Solution";
			productName = "Bio Auth Solution";
			productReference = CC8FCCC31EB04561001B507D /* Bio Auth Solution.app */;
			productType = "com.apple.product-type.application";
		};
		CC8FCCDB1EB04561001B507D /* Bio Auth SolutionTests */ = {
			isa = PBXNativeTarget;
			buildConfigurationList = CC8FCCF31EB04561001B507D /* Build configuration list for PBXNativeTarget "Bio Auth SolutionTests" */;
			buildPhases = (
				CC8FCCD81EB04561001B507D /* Sources */,
				CC8FCCD91EB04561001B507D /* Frameworks */,
				CC8FCCDA1EB04561001B507D /* Resources */,
			);
			buildRules = (
			);
			dependencies = (
				CC8FCCDE1EB04561001B507D /* PBXTargetDependency */,
			);
			name = "Bio Auth SolutionTests";
			productName = "Bio Auth SolutionTests";
			productReference = CC8FCCDC1EB04561001B507D /* Bio Auth SolutionTests.xctest */;
			productType = "com.apple.product-type.bundle.unit-test";
		};
		CC8FCCE61EB04561001B507D /* Bio Auth SolutionUITests */ = {
			isa = PBXNativeTarget;
			buildConfigurationList = CC8FCCF61EB04561001B507D /* Build configuration list for PBXNativeTarget "Bio Auth SolutionUITests" */;
			buildPhases = (
				CC8FCCE31EB04561001B507D /* Sources */,
				CC8FCCE41EB04561001B507D /* Frameworks */,
				CC8FCCE51EB04561001B507D /* Resources */,
			);
			buildRules = (
			);
			dependencies = (
				CC8FCCE91EB04561001B507D /* PBXTargetDependency */,
			);
			name = "Bio Auth SolutionUITests";
			productName = "Bio Auth SolutionUITests";
			productReference = CC8FCCE71EB04561001B507D /* Bio Auth SolutionUITests.xctest */;
			productType = "com.apple.product-type.bundle.ui-testing";
		};
/* End PBXNativeTarget section */

/* Begin PBXProject section */
		CC8FCCBB1EB04561001B507D /* Project object */ = {
			isa = PBXProject;
			attributes = {
				LastUpgradeCheck = 0830;
				ORGANIZATIONNAME = jediHKRZ;
				TargetAttributes = {
					CC8FCCC21EB04561001B507D = {
						CreatedOnToolsVersion = 8.3;
						ProvisioningStyle = Automatic;
					};
					CC8FCCDB1EB04561001B507D = {
						CreatedOnToolsVersion = 8.3;
						ProvisioningStyle = Automatic;
						TestTargetID = CC8FCCC21EB04561001B507D;
					};
					CC8FCCE61EB04561001B507D = {
						CreatedOnToolsVersion = 8.3;
						ProvisioningStyle = Automatic;
						TestTargetID = CC8FCCC21EB04561001B507D;
					};
				};
			};
			buildConfigurationList = CC8FCCBE1EB04561001B507D /* Build configuration list for PBXProject "Bio Auth Solution" */;
			compatibilityVersion = "Xcode 3.2";
			developmentRegion = English;
			hasScannedForEncodings = 0;
			knownRegions = (
				en,
				Base,
			);
			mainGroup = CC8FCCBA1EB04561001B507D;
			productRefGroup = CC8FCCC41EB04561001B507D /* Products */;
			projectDirPath = "";
			projectRoot = "";
			targets = (
				CC8FCCC21EB04561001B507D /* Bio Auth Solution */,
				CC8FCCDB1EB04561001B507D /* Bio Auth SolutionTests */,
				CC8FCCE61EB04561001B507D /* Bio Auth SolutionUITests */,
			);
		};
/* End PBXProject section */

/* Begin PBXResourcesBuildPhase section */
		CC8FCCC11EB04561001B507D /* Resources */ = {
			isa = PBXResourcesBuildPhase;
			buildActionMask = 2147483647;
			files = (
				CC8FCCD31EB04561001B507D /* Assets.xcassets in Resources */,
			);
			runOnlyForDeploymentPostprocessing = 0;
		};
		CC8FCCDA1EB04561001B507D /* Resources */ = {
			isa = PBXResourcesBuildPhase;
			buildActionMask = 2147483647;
			files = (
			);
			runOnlyForDeploymentPostprocessing = 0;
		};
		CC8FCCE51EB04561001B507D /* Resources */ = {
			isa = PBXResourcesBuildPhase;
			buildActionMask = 2147483647;
			files = (
			);
			runOnlyForDeploymentPostprocessing = 0;
		};
/* End PBXResourcesBuildPhase section */

/* Begin PBXSourcesBuildPhase section */
		CC8FCCBF1EB04561001B507D /* Sources */ = {
			isa = PBXSourcesBuildPhase;
			buildActionMask = 2147483647;
			files = (
				CC8FCCFB1EB04662001B507D /* JHKRZSignOnUIViewController.m in Sources */,
				CC8FCCCB1EB04561001B507D /* AppDelegate.m in Sources */,
				CC8FCCC81EB04561001B507D /* main.m in Sources */,
				CC47326B1EB1A2E5004DE11B /* UIImage+UIImage_JHKRZ.m in Sources */,
			);
			runOnlyForDeploymentPostprocessing = 0;
		};
		CC8FCCD81EB04561001B507D /* Sources */ = {
			isa = PBXSourcesBuildPhase;
			buildActionMask = 2147483647;
			files = (
				CC8FCCE11EB04561001B507D /* Bio_Auth_SolutionTests.m in Sources */,
			);
			runOnlyForDeploymentPostprocessing = 0;
		};
		CC8FCCE31EB04561001B507D /* Sources */ = {
			isa = PBXSourcesBuildPhase;
			buildActionMask = 2147483647;
			files = (
				CC8FCCEC1EB04561001B507D /* Bio_Auth_SolutionUITests.m in Sources */,
			);
			runOnlyForDeploymentPostprocessing = 0;
		};
/* End PBXSourcesBuildPhase section */

/* Begin PBXTargetDependency section */
		CC8FCCDE1EB04561001B507D /* PBXTargetDependency */ = {
			isa = PBXTargetDependency;
			target = CC8FCCC21EB04561001B507D /* Bio Auth Solution */;
			targetProxy = CC8FCCDD1EB04561001B507D /* PBXContainerItemProxy */;
		};
		CC8FCCE91EB04561001B507D /* PBXTargetDependency */ = {
			isa = PBXTargetDependency;
			target = CC8FCCC21EB04561001B507D /* Bio Auth Solution */;
			targetProxy = CC8FCCE81EB04561001B507D /* PBXContainerItemProxy */;
		};
/* End PBXTargetDependency section */

/* Begin XCBuildConfiguration section */
		CC8FCCEE1EB04561001B507D /* Debug */ = {
			isa = XCBuildConfiguration;
			buildSettings = {
				ALWAYS_SEARCH_USER_PATHS = NO;
				CLANG_ANALYZER_NONNULL = YES;
				CLANG_ANALYZER_NUMBER_OBJECT_CONVERSION = YES_AGGRESSIVE;
				CLANG_CXX_LANGUAGE_STANDARD = "gnu++0x";
				CLANG_CXX_LIBRARY = "libc++";
				CLANG_ENABLE_MODULES = YES;
				CLANG_ENABLE_OBJC_ARC = YES;
				CLANG_WARN_BOOL_CONVERSION = YES;
				CLANG_WARN_CONSTANT_CONVERSION = YES;
				CLANG_WARN_DIRECT_OBJC_ISA_USAGE = YES_ERROR;
				CLANG_WARN_DOCUMENTATION_COMMENTS = YES;
				CLANG_WARN_EMPTY_BODY = YES;
				CLANG_WARN_ENUM_CONVERSION = YES;
				CLANG_WARN_INFINITE_RECURSION = YES;
				CLANG_WARN_INT_CONVERSION = YES;
				CLANG_WARN_OBJC_ROOT_CLASS = YES_ERROR;
				CLANG_WARN_SUSPICIOUS_MOVE = YES;
				CLANG_WARN_UNREACHABLE_CODE = YES;
				CLANG_WARN__DUPLICATE_METHOD_MATCH = YES;
				"CODE_SIGN_IDENTITY[sdk=iphoneos*]" = "iPhone Developer";
				COPY_PHASE_STRIP = NO;
				DEBUG_INFORMATION_FORMAT = dwarf;
				ENABLE_STRICT_OBJC_MSGSEND = YES;
				ENABLE_TESTABILITY = YES;
				GCC_C_LANGUAGE_STANDARD = gnu99;
				GCC_DYNAMIC_NO_PIC = NO;
				GCC_NO_COMMON_BLOCKS = YES;
				GCC_OPTIMIZATION_LEVEL = 0;
				GCC_PREPROCESSOR_DEFINITIONS = (
					"DEBUG=1",
					"$(inherited)",
				);
				GCC_WARN_64_TO_32_BIT_CONVERSION = YES;
				GCC_WARN_ABOUT_RETURN_TYPE = YES_ERROR;
				GCC_WARN_UNDECLARED_SELECTOR = YES;
				GCC_WARN_UNINITIALIZED_AUTOS = YES_AGGRESSIVE;
				GCC_WARN_UNUSED_FUNCTION = YES;
				GCC_WARN_UNUSED_VARIABLE = YES;
				IPHONEOS_DEPLOYMENT_TARGET = 10.3;
				MTL_ENABLE_DEBUG_INFO = YES;
				ONLY_ACTIVE_ARCH = YES;
				SDKROOT = iphoneos;
			};
			name = Debug;
		};
		CC8FCCEF1EB04561001B507D /* Release */ = {
			isa = XCBuildConfiguration;
			buildSettings = {
				ALWAYS_SEARCH_USER_PATHS = NO;
				CLANG_ANALYZER_NONNULL = YES;
				CLANG_ANALYZER_NUMBER_OBJECT_CONVERSION = YES_AGGRESSIVE;
				CLANG_CXX_LANGUAGE_STANDARD = "gnu++0x";
				CLANG_CXX_LIBRARY = "libc++";
				CLANG_ENABLE_MODULES = YES;
				CLANG_ENABLE_OBJC_ARC = YES;
				CLANG_WARN_BOOL_CONVERSION = YES;
				CLANG_WARN_CONSTANT_CONVERSION = YES;
				CLANG_WARN_DIRECT_OBJC_ISA_USAGE = YES_ERROR;
				CLANG_WARN_DOCUMENTATION_COMMENTS = YES;
				CLANG_WARN_EMPTY_BODY = YES;
				CLANG_WARN_ENUM_CONVERSION = YES;
				CLANG_WARN_INFINITE_RECURSION = YES;
				CLANG_WARN_INT_CONVERSION = YES;
				CLANG_WARN_OBJC_ROOT_CLASS = YES_ERROR;
				CLANG_WARN_SUSPICIOUS_MOVE = YES;
				CLANG_WARN_UNREACHABLE_CODE = YES;
				CLANG_WARN__DUPLICATE_METHOD_MATCH = YES;
				"CODE_SIGN_IDENTITY[sdk=iphoneos*]" = "iPhone Developer";
				COPY_PHASE_STRIP = NO;
				DEBUG_INFORMATION_FORMAT = "dwarf-with-dsym";
				ENABLE_NS_ASSERTIONS = NO;
				ENABLE_STRICT_OBJC_MSGSEND = YES;
				GCC_C_LANGUAGE_STANDARD = gnu99;
				GCC_NO_COMMON_BLOCKS = YES;
				GCC_WARN_64_TO_32_BIT_CONVERSION = YES;
				GCC_WARN_ABOUT_RETURN_TYPE = YES_ERROR;
				GCC_WARN_UNDECLARED_SELECTOR = YES;
				GCC_WARN_UNINITIALIZED_AUTOS = YES_AGGRESSIVE;
				GCC_WARN_UNUSED_FUNCTION = YES;
				GCC_WARN_UNUSED_VARIABLE = YES;
				IPHONEOS_DEPLOYMENT_TARGET = 10.3;
				MTL_ENABLE_DEBUG_INFO = NO;
				SDKROOT = iphoneos;
				VALIDATE_PRODUCT = YES;
			};
			name = Release;
		};
		CC8FCCF11EB04561001B507D /* Debug */ = {
			isa = XCBuildConfiguration;
			buildSettings = {
				ASSETCATALOG_COMPILER_APPICON_NAME = AppIcon;
				INFOPLIST_FILE = "Bio Auth Solution/Info.plist";
				LD_RUNPATH_SEARCH_PATHS = "$(inherited) @executable_path/Frameworks";
				PRODUCT_BUNDLE_IDENTIFIER = "com.fismobile.mbank.Bio-Auth-Solution";
				PRODUCT_NAME = "$(TARGET_NAME)";
			};
			name = Debug;
		};
		CC8FCCF21EB04561001B507D /* Release */ = {
			isa = XCBuildConfiguration;
			buildSettings = {
				ASSETCATALOG_COMPILER_APPICON_NAME = AppIcon;
				INFOPLIST_FILE = "Bio Auth Solution/Info.plist";
				LD_RUNPATH_SEARCH_PATHS = "$(inherited) @executable_path/Frameworks";
				PRODUCT_BUNDLE_IDENTIFIER = "com.fismobile.mbank.Bio-Auth-Solution";
				PRODUCT_NAME = "$(TARGET_NAME)";
			};
			name = Release;
		};
		CC8FCCF41EB04561001B507D /* Debug */ = {
			isa = XCBuildConfiguration;
			buildSettings = {
				BUNDLE_LOADER = "$(TEST_HOST)";
				INFOPLIST_FILE = "Bio Auth SolutionTests/Info.plist";
				LD_RUNPATH_SEARCH_PATHS = "$(inherited) @executable_path/Frameworks @loader_path/Frameworks";
				PRODUCT_BUNDLE_IDENTIFIER = "com.fismobile.mbank.Bio-Auth-SolutionTests";
				PRODUCT_NAME = "$(TARGET_NAME)";
				TEST_HOST = "$(BUILT_PRODUCTS_DIR)/Bio Auth Solution.app/Bio Auth Solution";
			};
			name = Debug;
		};
		CC8FCCF51EB04561001B507D /* Release */ = {
			isa = XCBuildConfiguration;
			buildSettings = {
				BUNDLE_LOADER = "$(TEST_HOST)";
				INFOPLIST_FILE = "Bio Auth SolutionTests/Info.plist";
				LD_RUNPATH_SEARCH_PATHS = "$(inherited) @executable_path/Frameworks @loader_path/Frameworks";
				PRODUCT_BUNDLE_IDENTIFIER = "com.fismobile.mbank.Bio-Auth-SolutionTests";
				PRODUCT_NAME = "$(TARGET_NAME)";
				TEST_HOST = "$(BUILT_PRODUCTS_DIR)/Bio Auth Solution.app/Bio Auth Solution";
			};
			name = Release;
		};
		CC8FCCF71EB04561001B507D /* Debug */ = {
			isa = XCBuildConfiguration;
			buildSettings = {
				INFOPLIST_FILE = "Bio Auth SolutionUITests/Info.plist";
				LD_RUNPATH_SEARCH_PATHS = "$(inherited) @executable_path/Frameworks @loader_path/Frameworks";
				PRODUCT_BUNDLE_IDENTIFIER = "com.fismobile.mbank.Bio-Auth-SolutionUITests";
				PRODUCT_NAME = "$(TARGET_NAME)";
				TEST_TARGET_NAME = "Bio Auth Solution";
			};
			name = Debug;
		};
		CC8FCCF81EB04561001B507D /* Release */ = {
			isa = XCBuildConfiguration;
			buildSettings = {
				INFOPLIST_FILE = "Bio Auth SolutionUITests/Info.plist";
				LD_RUNPATH_SEARCH_PATHS = "$(inherited) @executable_path/Frameworks @loader_path/Frameworks";
				PRODUCT_BUNDLE_IDENTIFIER = "com.fismobile.mbank.Bio-Auth-SolutionUITests";
				PRODUCT_NAME = "$(TARGET_NAME)";
				TEST_TARGET_NAME = "Bio Auth Solution";
			};
			name = Release;
		};
/* End XCBuildConfiguration section */

/* Begin XCConfigurationList section */
		CC8FCCBE1EB04561001B507D /* Build configuration list for PBXProject "Bio Auth Solution" */ = {
			isa = XCConfigurationList;
			buildConfigurations = (
				CC8FCCEE1EB04561001B507D /* Debug */,
				CC8FCCEF1EB04561001B507D /* Release */,
			);
			defaultConfigurationIsVisible = 0;
			defaultConfigurationName = Release;
		};
		CC8FCCF01EB04561001B507D /* Build configuration list for PBXNativeTarget "Bio Auth Solution" */ = {
			isa = XCConfigurationList;
			buildConfigurations = (
				CC8FCCF11EB04561001B507D /* Debug */,
				CC8FCCF21EB04561001B507D /* Release */,
			);
			defaultConfigurationIsVisible = 0;
			defaultConfigurationName = Release;
		};
		CC8FCCF31EB04561001B507D /* Build configuration list for PBXNativeTarget "Bio Auth SolutionTests" */ = {
			isa = XCConfigurationList;
			buildConfigurations = (
				CC8FCCF41EB04561001B507D /* Debug */,
				CC8FCCF51EB04561001B507D /* Release */,
			);
			defaultConfigurationIsVisible = 0;
			defaultConfigurationName = Release;
		};
		CC8FCCF61EB04561001B507D /* Build configuration list for PBXNativeTarget "Bio Auth SolutionUITests" */ = {
			isa = XCConfigurationList;
			buildConfigurations = (
				CC8FCCF71EB04561001B507D /* Debug */,
				CC8FCCF81EB04561001B507D /* Release */,
			);
			defaultConfigurationIsVisible = 0;
			defaultConfigurationName = Release;
		};
/* End XCConfigurationList section */
	};
	rootObject = CC8FCCBB1EB04561001B507D /* Project object */;
}
